
Microsoft Visual Studio Solution File, Format Version 12.00
# Visual Studio Version 17
VisualStudioVersion = 17.5.33530.505
MinimumVisualStudioVersion = 10.0.40219.1
Project("{FAE04EC0-301F-11D3-BF4B-00C04F79EFBC}") = "ZarAtma", "ZarAtma\ZarAtma.csproj", "{93B49193-A4DA-4436-9C97-0DC2E49283FD}"
EndProject
Global
	GlobalSection(SolutionConfigurationPlatforms) = preSolution
		Debug|Any CPU = Debug|Any CPU
		Release|Any CPU = Release|Any CPU
	EndGlobalSection
	GlobalSection(ProjectConfigurationPlatforms) = postSolution
		{93B49193-A4DA-4436-9C97-0DC2E49283FD}.Debug|Any CPU.ActiveCfg = Debug|Any CPU
		{93B49193-A4DA-4436-9C97-0DC2E49283FD}.Debug|Any CPU.Build.0 = Debug|Any CPU
		{93B49193-A4DA-4436-9C97-0DC2E49283FD}.Release|Any CPU.ActiveCfg = Release|Any CPU
		{93B49193-A4DA-4436-9C97-0DC2E49283FD}.Release|Any CPU.Build.0 = Release|Any CPU
	EndGlobalSection
	GlobalSection(SolutionProperties) = preSolution
		HideSolutionNode = FALSE
	EndGlobalSection
	GlobalSection(ExtensibilityGlobals) = postSolution
		SolutionGuid = {86ED3370-82B2-4D1A-93D2-C6FE61B52DB5}
	EndGlobalSection
EndGlobal
